
Microsoft Visual Studio Solution File, Format Version 12.00
# Visual Studio Version 16
VisualStudioVersion = 16.0.30204.135
MinimumVisualStudioVersion = 10.0.40219.1
Project("{2150E333-8FDC-42A3-9474-1A3956D46DE8}") = "Microservices", "Microservices", "{E36B3724-8D46-4E35-9B7A-C4530F036B03}"
EndProject
Project("{2150E333-8FDC-42A3-9474-1A3956D46DE8}") = "Domain", "Domain", "{2167C5C3-CD4F-4498-9ABB-B1AC2238F34D}"
EndProject
Project("{2150E333-8FDC-42A3-9474-1A3956D46DE8}") = "Infra.Bus", "Infra.Bus", "{75464B2A-143F-4239-BC7C-51C9B48D1336}"
EndProject
Project("{2150E333-8FDC-42A3-9474-1A3956D46DE8}") = "Infra.IoC", "Infra.IoC", "{D4471DD8-5B05-462C-9C8A-67983A0E2E4A}"
EndProject
Project("{2150E333-8FDC-42A3-9474-1A3956D46DE8}") = "Presentation", "Presentation", "{5B22E54B-4C9A-48C6-8CB0-15551D0ADE3D}"
EndProject
Project("{9A19103F-16F7-4668-BE54-9A1E7A4F7556}") = "MicroRabbit.Domain.Core", "MicroRabbit.Domain.Core\MicroRabbit.Domain.Core.csproj", "{1028603D-6238-4FC3-8661-2A360DDD7D07}"
EndProject
Project("{9A19103F-16F7-4668-BE54-9A1E7A4F7556}") = "MicroRabbit.Infra.Bus", "MicroRabbit.Infra.Bus\MicroRabbit.Infra.Bus.csproj", "{9A17ED74-BB1B-453D-A314-E1C0C3E30892}"
EndProject
Project("{9A19103F-16F7-4668-BE54-9A1E7A4F7556}") = "MicroRabbit.Infra.IoC", "MicroRabbit.Infra.IoC\MicroRabbit.Infra.IoC.csproj", "{F25ACB23-89CD-4E4A-964E-36584A94BD8C}"
EndProject
Project("{2150E333-8FDC-42A3-9474-1A3956D46DE8}") = "Banking", "Banking", "{B4A32B82-75BB-4C3A-B07D-0125A0D8D5C1}"
EndProject
Project("{2150E333-8FDC-42A3-9474-1A3956D46DE8}") = "Api", "Api", "{6D4FB896-B28A-4436-8FC9-161F00E6B45C}"
EndProject
Project("{2150E333-8FDC-42A3-9474-1A3956D46DE8}") = "Domain", "Domain", "{280D989C-EDE3-41FB-93D7-71BEEAD8DC2E}"
EndProject
Project("{2150E333-8FDC-42A3-9474-1A3956D46DE8}") = "Application", "Application", "{682D3C5D-EF13-44C0-AFAA-EE2F8CC10948}"
EndProject
Project("{2150E333-8FDC-42A3-9474-1A3956D46DE8}") = "Data", "Data", "{CFDC16D1-6EA7-43E2-8DAF-B3F2864F2E96}"
EndProject
Project("{FAE04EC0-301F-11D3-BF4B-00C04F79EFBC}") = "MicroRabbit.Banking.Api", "MicroRabbit.Banking.Api\MicroRabbit.Banking.Api.csproj", "{EDBA5932-FC05-4128-9DCE-CF6EAFAEFF8F}"
EndProject
Project("{FAE04EC0-301F-11D3-BF4B-00C04F79EFBC}") = "MicroRabbit.Banking.Application", "MicroRabbit.Banking.Application\MicroRabbit.Banking.Application.csproj", "{DA6712DB-F5DF-4323-BDE2-757E7EC62956}"
EndProject
Project("{FAE04EC0-301F-11D3-BF4B-00C04F79EFBC}") = "MicroRabbit.Banking.Data", "MicroRabbit.Banking.Data\MicroRabbit.Banking.Data.csproj", "{83809E06-72AA-46AE-81DB-22283BEF01E2}"
EndProject
Project("{FAE04EC0-301F-11D3-BF4B-00C04F79EFBC}") = "MicroRabbit.Banking.Domain", "MicroRabbit.Banking.Domain\MicroRabbit.Banking.Domain.csproj", "{888C4C4D-B2E0-4A8A-8813-018C23BD89C6}"
EndProject
Global
	GlobalSection(SolutionConfigurationPlatforms) = preSolution
		Debug|Any CPU = Debug|Any CPU
		Release|Any CPU = Release|Any CPU
	EndGlobalSection
	GlobalSection(ProjectConfigurationPlatforms) = postSolution
		{1028603D-6238-4FC3-8661-2A360DDD7D07}.Debug|Any CPU.ActiveCfg = Debug|Any CPU
		{1028603D-6238-4FC3-8661-2A360DDD7D07}.Debug|Any CPU.Build.0 = Debug|Any CPU
		{1028603D-6238-4FC3-8661-2A360DDD7D07}.Release|Any CPU.ActiveCfg = Release|Any CPU
		{1028603D-6238-4FC3-8661-2A360DDD7D07}.Release|Any CPU.Build.0 = Release|Any CPU
		{9A17ED74-BB1B-453D-A314-E1C0C3E30892}.Debug|Any CPU.ActiveCfg = Debug|Any CPU
		{9A17ED74-BB1B-453D-A314-E1C0C3E30892}.Debug|Any CPU.Build.0 = Debug|Any CPU
		{9A17ED74-BB1B-453D-A314-E1C0C3E30892}.Release|Any CPU.ActiveCfg = Release|Any CPU
		{9A17ED74-BB1B-453D-A314-E1C0C3E30892}.Release|Any CPU.Build.0 = Release|Any CPU
		{F25ACB23-89CD-4E4A-964E-36584A94BD8C}.Debug|Any CPU.ActiveCfg = Debug|Any CPU
		{F25ACB23-89CD-4E4A-964E-36584A94BD8C}.Debug|Any CPU.Build.0 = Debug|Any CPU
		{F25ACB23-89CD-4E4A-964E-36584A94BD8C}.Release|Any CPU.ActiveCfg = Release|Any CPU
		{F25ACB23-89CD-4E4A-964E-36584A94BD8C}.Release|Any CPU.Build.0 = Release|Any CPU
		{EDBA5932-FC05-4128-9DCE-CF6EAFAEFF8F}.Debug|Any CPU.ActiveCfg = Debug|Any CPU
		{EDBA5932-FC05-4128-9DCE-CF6EAFAEFF8F}.Debug|Any CPU.Build.0 = Debug|Any CPU
		{EDBA5932-FC05-4128-9DCE-CF6EAFAEFF8F}.Release|Any CPU.ActiveCfg = Release|Any CPU
		{EDBA5932-FC05-4128-9DCE-CF6EAFAEFF8F}.Release|Any CPU.Build.0 = Release|Any CPU
		{DA6712DB-F5DF-4323-BDE2-757E7EC62956}.Debug|Any CPU.ActiveCfg = Debug|Any CPU
		{DA6712DB-F5DF-4323-BDE2-757E7EC62956}.Debug|Any CPU.Build.0 = Debug|Any CPU
		{DA6712DB-F5DF-4323-BDE2-757E7EC62956}.Release|Any CPU.ActiveCfg = Release|Any CPU
		{DA6712DB-F5DF-4323-BDE2-757E7EC62956}.Release|Any CPU.Build.0 = Release|Any CPU
		{83809E06-72AA-46AE-81DB-22283BEF01E2}.Debug|Any CPU.ActiveCfg = Debug|Any CPU
		{83809E06-72AA-46AE-81DB-22283BEF01E2}.Debug|Any CPU.Build.0 = Debug|Any CPU
		{83809E06-72AA-46AE-81DB-22283BEF01E2}.Release|Any CPU.ActiveCfg = Release|Any CPU
		{83809E06-72AA-46AE-81DB-22283BEF01E2}.Release|Any CPU.Build.0 = Release|Any CPU
		{888C4C4D-B2E0-4A8A-8813-018C23BD89C6}.Debug|Any CPU.ActiveCfg = Debug|Any CPU
		{888C4C4D-B2E0-4A8A-8813-018C23BD89C6}.Debug|Any CPU.Build.0 = Debug|Any CPU
		{888C4C4D-B2E0-4A8A-8813-018C23BD89C6}.Release|Any CPU.ActiveCfg = Release|Any CPU
		{888C4C4D-B2E0-4A8A-8813-018C23BD89C6}.Release|Any CPU.Build.0 = Release|Any CPU
	EndGlobalSection
	GlobalSection(SolutionProperties) = preSolution
		HideSolutionNode = FALSE
	EndGlobalSection
	GlobalSection(NestedProjects) = preSolution
		{1028603D-6238-4FC3-8661-2A360DDD7D07} = {2167C5C3-CD4F-4498-9ABB-B1AC2238F34D}
		{9A17ED74-BB1B-453D-A314-E1C0C3E30892} = {75464B2A-143F-4239-BC7C-51C9B48D1336}
		{F25ACB23-89CD-4E4A-964E-36584A94BD8C} = {D4471DD8-5B05-462C-9C8A-67983A0E2E4A}
		{B4A32B82-75BB-4C3A-B07D-0125A0D8D5C1} = {E36B3724-8D46-4E35-9B7A-C4530F036B03}
		{6D4FB896-B28A-4436-8FC9-161F00E6B45C} = {B4A32B82-75BB-4C3A-B07D-0125A0D8D5C1}
		{280D989C-EDE3-41FB-93D7-71BEEAD8DC2E} = {B4A32B82-75BB-4C3A-B07D-0125A0D8D5C1}
		{682D3C5D-EF13-44C0-AFAA-EE2F8CC10948} = {B4A32B82-75BB-4C3A-B07D-0125A0D8D5C1}
		{CFDC16D1-6EA7-43E2-8DAF-B3F2864F2E96} = {B4A32B82-75BB-4C3A-B07D-0125A0D8D5C1}
		{EDBA5932-FC05-4128-9DCE-CF6EAFAEFF8F} = {6D4FB896-B28A-4436-8FC9-161F00E6B45C}
		{DA6712DB-F5DF-4323-BDE2-757E7EC62956} = {682D3C5D-EF13-44C0-AFAA-EE2F8CC10948}
		{83809E06-72AA-46AE-81DB-22283BEF01E2} = {CFDC16D1-6EA7-43E2-8DAF-B3F2864F2E96}
		{888C4C4D-B2E0-4A8A-8813-018C23BD89C6} = {280D989C-EDE3-41FB-93D7-71BEEAD8DC2E}
	EndGlobalSection
	GlobalSection(ExtensibilityGlobals) = postSolution
		SolutionGuid = {6F284461-DCDC-4588-ABF0-639F7C253079}
	EndGlobalSection
EndGlobal
